
Microsoft Visual Studio Solution File, Format Version 12.00
# Visual Studio Version 17
VisualStudioVersion = 17.8.34330.188
MinimumVisualStudioVersion = 10.0.40219.1
Project("{9A19103F-16F7-4668-BE54-9A1E7A4F7556}") = "ArtistApi", "ArtistApi\ArtistApi.csproj", "{9A486611-4AB3-4A95-86A1-B3EA6C43DC62}"
EndProject
Global
	GlobalSection(SolutionConfigurationPlatforms) = preSolution
		Debug|Any CPU = Debug|Any CPU
		Release|Any CPU = Release|Any CPU
	EndGlobalSection
	GlobalSection(ProjectConfigurationPlatforms) = postSolution
		{9A486611-4AB3-4A95-86A1-B3EA6C43DC62}.Debug|Any CPU.ActiveCfg = Debug|Any CPU
		{9A486611-4AB3-4A95-86A1-B3EA6C43DC62}.Debug|Any CPU.Build.0 = Debug|Any CPU
		{9A486611-4AB3-4A95-86A1-B3EA6C43DC62}.Release|Any CPU.ActiveCfg = Release|Any CPU
		{9A486611-4AB3-4A95-86A1-B3EA6C43DC62}.Release|Any CPU.Build.0 = Release|Any CPU
	EndGlobalSection
	GlobalSection(SolutionProperties) = preSolution
		HideSolutionNode = FALSE
	EndGlobalSection
	GlobalSection(ExtensibilityGlobals) = postSolution
		SolutionGuid = {31453AB7-AAB0-49F5-B369-268C8B7AD3AF}
	EndGlobalSection
EndGlobal
